
Microsoft Visual Studio Solution File, Format Version 12.00
# Visual Studio 2015
Project("{FAE04EC0-301F-11D3-BF4B-00C04F79EFBC}") = "Coherence2.CSharp.Plugins", "Coherence2.CSharp.Plugins.csproj", "{95835653-E3AE-0DCF-C49A-627561B03497}"
EndProject
Project("{FAE04EC0-301F-11D3-BF4B-00C04F79EFBC}") = "Coherence2.CSharp", "Coherence2.CSharp.csproj", "{EE662BAA-2ACE-AAED-C76F-F22773E4078A}"
EndProject
Project("{FAE04EC0-301F-11D3-BF4B-00C04F79EFBC}") = "Coherence2.CSharp.Editor", "Coherence2.CSharp.Editor.csproj", "{AD647690-A8B3-6597-0E3D-ADDC4787313D}"
EndProject
Global
	GlobalSection(SolutionConfigurationPlatforms) = preSolution
		Debug|Any CPU = Debug|Any CPU
		Release|Any CPU = Release|Any CPU
	EndGlobalSection
	GlobalSection(ProjectConfigurationPlatforms) = postSolution
		{95835653-E3AE-0DCF-C49A-627561B03497}.Debug|Any CPU.ActiveCfg = Debug|Any CPU
		{95835653-E3AE-0DCF-C49A-627561B03497}.Debug|Any CPU.Build.0 = Debug|Any CPU
		{95835653-E3AE-0DCF-C49A-627561B03497}.Release|Any CPU.ActiveCfg = Release|Any CPU
		{95835653-E3AE-0DCF-C49A-627561B03497}.Release|Any CPU.Build.0 = Release|Any CPU
		{EE662BAA-2ACE-AAED-C76F-F22773E4078A}.Debug|Any CPU.ActiveCfg = Debug|Any CPU
		{EE662BAA-2ACE-AAED-C76F-F22773E4078A}.Debug|Any CPU.Build.0 = Debug|Any CPU
		{EE662BAA-2ACE-AAED-C76F-F22773E4078A}.Release|Any CPU.ActiveCfg = Release|Any CPU
		{EE662BAA-2ACE-AAED-C76F-F22773E4078A}.Release|Any CPU.Build.0 = Release|Any CPU
		{AD647690-A8B3-6597-0E3D-ADDC4787313D}.Debug|Any CPU.ActiveCfg = Debug|Any CPU
		{AD647690-A8B3-6597-0E3D-ADDC4787313D}.Debug|Any CPU.Build.0 = Debug|Any CPU
		{AD647690-A8B3-6597-0E3D-ADDC4787313D}.Release|Any CPU.ActiveCfg = Release|Any CPU
		{AD647690-A8B3-6597-0E3D-ADDC4787313D}.Release|Any CPU.Build.0 = Release|Any CPU
	EndGlobalSection
	GlobalSection(SolutionProperties) = preSolution
		HideSolutionNode = FALSE
	EndGlobalSection
EndGlobal
